
Microsoft Visual Studio Solution File, Format Version 12.00
# Visual Studio Version 16
VisualStudioVersion = 16.0.31019.35
MinimumVisualStudioVersion = 10.0.40219.1
Project("{FAE04EC0-301F-11D3-BF4B-00C04F79EFBC}") = "Igor.Library", "Igor.Library\Igor.Library.csproj", "{E18B2CDA-C65D-4935-93B7-666960DE74DF}"
EndProject
Project("{FAE04EC0-301F-11D3-BF4B-00C04F79EFBC}") = "Igor.Core", "Igor.Core\Igor.Core.csproj", "{7471F65E-A704-48A7-BB00-23619E60A380}"
EndProject
Global
	GlobalSection(SolutionConfigurationPlatforms) = preSolution
		Debug|Any CPU = Debug|Any CPU
		Release|Any CPU = Release|Any CPU
	EndGlobalSection
	GlobalSection(ProjectConfigurationPlatforms) = postSolution
		{E18B2CDA-C65D-4935-93B7-666960DE74DF}.Debug|Any CPU.ActiveCfg = Debug|Any CPU
		{E18B2CDA-C65D-4935-93B7-666960DE74DF}.Debug|Any CPU.Build.0 = Debug|Any CPU
		{E18B2CDA-C65D-4935-93B7-666960DE74DF}.Release|Any CPU.ActiveCfg = Release|Any CPU
		{E18B2CDA-C65D-4935-93B7-666960DE74DF}.Release|Any CPU.Build.0 = Release|Any CPU
		{7471F65E-A704-48A7-BB00-23619E60A380}.Debug|Any CPU.ActiveCfg = Debug|Any CPU
		{7471F65E-A704-48A7-BB00-23619E60A380}.Debug|Any CPU.Build.0 = Debug|Any CPU
		{7471F65E-A704-48A7-BB00-23619E60A380}.Release|Any CPU.ActiveCfg = Release|Any CPU
		{7471F65E-A704-48A7-BB00-23619E60A380}.Release|Any CPU.Build.0 = Release|Any CPU
	EndGlobalSection
	GlobalSection(SolutionProperties) = preSolution
		HideSolutionNode = FALSE
	EndGlobalSection
	GlobalSection(ExtensibilityGlobals) = postSolution
		SolutionGuid = {EE20074F-A29D-4348-BCFF-EC7E4D052086}
	EndGlobalSection
EndGlobal
